{
  "requires": true,
  "lockfileVersion": 1,
  "dependencies": {
    "codyhouse-framework": {
      "version": "2.6.2",
      "resolved": "https://registry.npmjs.org/codyhouse-framework/-/codyhouse-framework-2.6.2.tgz",
      "integrity": "sha512-Odg7XLB3QmePyQyvXbPLPhaFIbxM/RSdx9ivnRq6aB7DgASDgjp6Ia8ns1Iz4alG6M072axE0pRxcCD5jxs8xA=="
    },
    "cta": {
      "version": "0.3.2",
      "resolved": "https://registry.npmjs.org/cta/-/cta-0.3.2.tgz",
      "integrity": "sha1-rZfnpXy0VVyj8G2+TuaQXTiM1MA="
    }
  }
}
